
Microsoft Visual Studio Solution File, Format Version 12.00
# Visual Studio Version 16
VisualStudioVersion = 16.0.31605.320
MinimumVisualStudioVersion = 10.0.40219.1
Project("{9A19103F-16F7-4668-BE54-9A1E7A4F7556}") = "Practica_T1_01_Calidad", "Practica_T1_01_Calidad\Practica_T1_01_Calidad.csproj", "{AC653B9A-7D72-4E1D-B417-1A9AAFFCA2A1}"
EndProject
Project("{FAE04EC0-301F-11D3-BF4B-00C04F79EFBC}") = "Practica_T1_01_CalidadTest", "Practica_T1_01_CalidadTest\Practica_T1_01_CalidadTest.csproj", "{31F515DE-06B4-4BF3-B7C8-D00890969E2E}"
EndProject
Global
	GlobalSection(SolutionConfigurationPlatforms) = preSolution
		Debug|Any CPU = Debug|Any CPU
		Release|Any CPU = Release|Any CPU
	EndGlobalSection
	GlobalSection(ProjectConfigurationPlatforms) = postSolution
		{AC653B9A-7D72-4E1D-B417-1A9AAFFCA2A1}.Debug|Any CPU.ActiveCfg = Debug|Any CPU
		{AC653B9A-7D72-4E1D-B417-1A9AAFFCA2A1}.Debug|Any CPU.Build.0 = Debug|Any CPU
		{AC653B9A-7D72-4E1D-B417-1A9AAFFCA2A1}.Release|Any CPU.ActiveCfg = Release|Any CPU
		{AC653B9A-7D72-4E1D-B417-1A9AAFFCA2A1}.Release|Any CPU.Build.0 = Release|Any CPU
		{31F515DE-06B4-4BF3-B7C8-D00890969E2E}.Debug|Any CPU.ActiveCfg = Debug|Any CPU
		{31F515DE-06B4-4BF3-B7C8-D00890969E2E}.Debug|Any CPU.Build.0 = Debug|Any CPU
		{31F515DE-06B4-4BF3-B7C8-D00890969E2E}.Release|Any CPU.ActiveCfg = Release|Any CPU
		{31F515DE-06B4-4BF3-B7C8-D00890969E2E}.Release|Any CPU.Build.0 = Release|Any CPU
	EndGlobalSection
	GlobalSection(SolutionProperties) = preSolution
		HideSolutionNode = FALSE
	EndGlobalSection
	GlobalSection(ExtensibilityGlobals) = postSolution
		SolutionGuid = {AAB796D4-63DF-4A19-AB2E-D3FF1B9E1AD1}
	EndGlobalSection
EndGlobal
